
Microsoft Visual Studio Solution File, Format Version 12.00
# Visual Studio Version 17
VisualStudioVersion = 17.13.35825.156 d17.13
MinimumVisualStudioVersion = 10.0.40219.1
Project("{FAE04EC0-301F-11D3-BF4B-00C04F79EFBC}") = "ForumNotificationBot", "ForumNotificationBot\ForumNotificationBot.csproj", "{FB5BC1F6-017C-412C-B7D8-9CA0D63313CF}"
EndProject
Global
	GlobalSection(SolutionConfigurationPlatforms) = preSolution
		Debug|Any CPU = Debug|Any CPU
		Release|Any CPU = Release|Any CPU
	EndGlobalSection
	GlobalSection(ProjectConfigurationPlatforms) = postSolution
		{FB5BC1F6-017C-412C-B7D8-9CA0D63313CF}.Debug|Any CPU.ActiveCfg = Debug|Any CPU
		{FB5BC1F6-017C-412C-B7D8-9CA0D63313CF}.Debug|Any CPU.Build.0 = Debug|Any CPU
		{FB5BC1F6-017C-412C-B7D8-9CA0D63313CF}.Release|Any CPU.ActiveCfg = Release|Any CPU
		{FB5BC1F6-017C-412C-B7D8-9CA0D63313CF}.Release|Any CPU.Build.0 = Release|Any CPU
	EndGlobalSection
	GlobalSection(SolutionProperties) = preSolution
		HideSolutionNode = FALSE
	EndGlobalSection
	GlobalSection(ExtensibilityGlobals) = postSolution
		SolutionGuid = {ED5C9E7A-731C-4156-96FD-51DAD64F29AB}
	EndGlobalSection
EndGlobal
